
Microsoft Visual Studio Solution File, Format Version 12.00
# Visual Studio Version 17
VisualStudioVersion = 17.9.34622.214
MinimumVisualStudioVersion = 10.0.40219.1
Project("{888888A0-9F3D-457C-B088-3A5042F75D52}") = "BowyerWatsonAlgorithm", "BowyerWatsonAlgorithm.pyproj", "{52368655-1951-48A3-89BA-3603633ADCE2}"
EndProject
Project("{2150E333-8FDC-42A3-9474-1A3956D46DE8}") = "Solution Items", "Solution Items", "{F7D41B07-6B5C-4340-AFD4-39FE1C647855}"
	ProjectSection(SolutionItems) = preProject
		contours.txt = contours.txt
		contours2.txt = contours2.txt
		Input.txt = Input.txt
	EndProjectSection
EndProject
Global
	GlobalSection(SolutionConfigurationPlatforms) = preSolution
		Debug|Any CPU = Debug|Any CPU
		Release|Any CPU = Release|Any CPU
	EndGlobalSection
	GlobalSection(ProjectConfigurationPlatforms) = postSolution
		{52368655-1951-48A3-89BA-3603633ADCE2}.Debug|Any CPU.ActiveCfg = Debug|Any CPU
		{52368655-1951-48A3-89BA-3603633ADCE2}.Release|Any CPU.ActiveCfg = Release|Any CPU
	EndGlobalSection
	GlobalSection(SolutionProperties) = preSolution
		HideSolutionNode = FALSE
	EndGlobalSection
	GlobalSection(ExtensibilityGlobals) = postSolution
		SolutionGuid = {F21BBD2A-05FF-4D30-ACC6-D1C73AB5E821}
	EndGlobalSection
EndGlobal
